{
  "name": "scripts",
  "version": "1.0.0",
  "lockfileVersion": 2,
  "requires": true,
  "packages": {
    "": {
      "name": "scripts",
      "version": "1.0.0",
      "license": "ISC",
      "dependencies": {
        "@json2csv/plainjs": "^7.0.3",
        "csv": "^6.3.5",
        "csv-stringify": "^6.4.4",
        "json-2-csv": "^5.0.1",
        "kuuid": "^1.0.1",
        "luxon": "^3.4.4",
        "number-generator": "^4.0.6",
        "random": "^4.1.0"
      }
    },
    "node_modules/@json2csv/formatters": {
      "version": "7.0.3",
      "resolved": "https://registry.npmjs.org/@json2csv/formatters/-/formatters-7.0.3.tgz",
      "integrity": "sha512-QLTpBNmNxGDAQNALkWwPdnyJ7IdXHQ0Motzog4fZOKK2ozpxckl6vwhWNBxbQs/25Zhp7bLS4J6ILu/hh0en6w=="
    },
    "node_modules/@json2csv/plainjs": {
      "version": "7.0.3",
      "resolved": "https://registry.npmjs.org/@json2csv/plainjs/-/plainjs-7.0.3.tgz",
      "integrity": "sha512-AEpEdeSu8o64Sdf7Xoy7BM4MyfZToN7oxxleXJ6u7v3h0V0hKdNIw7i4kQ08wiIe7lcJBhS3JRyEPKX6k2AsjA==",
      "dependencies": {
        "@json2csv/formatters": "^7.0.3",
        "@streamparser/json": "^0.0.17",
        "lodash.get": "^4.4.2"
      }
    },
    "node_modules/@streamparser/json": {
      "version": "0.0.17",
      "resolved": "https://registry.npmjs.org/@streamparser/json/-/json-0.0.17.tgz",
      "integrity": "sha512-mW54K6CTVJVLwXRB6kSS1xGWPmtTuXAStWnlvtesmcySgtop+eFPWOywBFPpJO4UD173epYsPSP6HSW8kuqN8w=="
    },
    "node_modules/csv": {
      "version": "6.3.5",
      "resolved": "https://registry.npmjs.org/csv/-/csv-6.3.5.tgz",
      "integrity": "sha512-Y+KTCAUljtq2JaGP42ZL1bymqlU5BkfnFpZhxRczGFDZox2VXhlRHnG5DRshyUrwQzmCdEiLjSqNldCfm1OVCA==",
      "dependencies": {
        "csv-generate": "^4.3.0",
        "csv-parse": "^5.5.2",
        "csv-stringify": "^6.4.4",
        "stream-transform": "^3.2.10"
      },
      "engines": {
        "node": ">= 0.1.90"
      }
    },
    "node_modules/csv-generate": {
      "version": "4.3.0",
      "resolved": "https://registry.npmjs.org/csv-generate/-/csv-generate-4.3.0.tgz",
      "integrity": "sha512-7KdVId/2RgwPIKfWHaHtjBq7I9mgdi8ICzsUyIhP8is6UwpwVGGSC/aPnrZ8/SkgBcCP20lXrdPuP64Irs1VBg=="
    },
    "node_modules/csv-parse": {
      "version": "5.5.2",
      "resolved": "https://registry.npmjs.org/csv-parse/-/csv-parse-5.5.2.tgz",
      "integrity": "sha512-YRVtvdtUNXZCMyK5zd5Wty1W6dNTpGKdqQd4EQ8tl/c6KW1aMBB1Kg1ppky5FONKmEqGJ/8WjLlTNLPne4ioVA=="
    },
    "node_modules/csv-stringify": {
      "version": "6.4.4",
      "resolved": "https://registry.npmjs.org/csv-stringify/-/csv-stringify-6.4.4.tgz",
      "integrity": "sha512-NDshLupGa7gp4UG4sSNIqwYJqgSwvds0SvENntxoVoVvTzXcrHvd5gG2MWpbRpSNvk59dlmIe1IwNvSxN4IVmg=="
    },
    "node_modules/deeks": {
      "version": "3.0.2",
      "resolved": "https://registry.npmjs.org/deeks/-/deeks-3.0.2.tgz",
      "integrity": "sha512-c6OmjIygIB/avwXwEQOiODS+nw6fEX4cvOdDMqdL7dt3dicV/xykAJ9AeVc/8/JTVQDuacjRc9KCMmXafL1Y4A==",
      "engines": {
        "node": ">= 16"
      }
    },
    "node_modules/doc-path": {
      "version": "4.0.2",
      "resolved": "https://registry.npmjs.org/doc-path/-/doc-path-4.0.2.tgz",
      "integrity": "sha512-OqZEk7EM1aP3JpO+mq0pv1msEJWrzZVXu4q3YjEYJKc+Wt3/chac4KJdaGueK5IGemOwfptrLctG9I8xkb59qQ==",
      "engines": {
        "node": ">=16"
      }
    },
    "node_modules/json-2-csv": {
      "version": "5.0.1",
      "resolved": "https://registry.npmjs.org/json-2-csv/-/json-2-csv-5.0.1.tgz",
      "integrity": "sha512-rP9ChyMskS0angbvFdQ43SwEe72mEvqcY1/V2OeukQWxtlreUuZWhMlTdWjtd4L6kJxq+HPFTI06yqLvZiEVIA==",
      "dependencies": {
        "deeks": "3.0.2",
        "doc-path": "4.0.2"
      },
      "engines": {
        "node": ">= 16"
      }
    },
    "node_modules/kuuid": {
      "version": "1.0.1",
      "resolved": "https://registry.npmjs.org/kuuid/-/kuuid-1.0.1.tgz",
      "integrity": "sha512-oEvuIKT7hbkCmwriKOCxdN2BIzTc44G1Li9+KKSMEJnSNmROBvkIVXV/aKy0o9nVA01i4/ZnnZd+l01mGfzLUw==",
      "engines": {
        "node": ">=16.0.0"
      }
    },
    "node_modules/lodash.get": {
      "version": "4.4.2",
      "resolved": "https://registry.npmjs.org/lodash.get/-/lodash.get-4.4.2.tgz",
      "integrity": "sha512-z+Uw/vLuy6gQe8cfaFWD7p0wVv8fJl3mbzXh33RS+0oW2wvUqiRXiQ69gLWSLpgB5/6sU+r6BlQR0MBILadqTQ=="
    },
    "node_modules/luxon": {
      "version": "3.4.4",
      "resolved": "https://registry.npmjs.org/luxon/-/luxon-3.4.4.tgz",
      "integrity": "sha512-zobTr7akeGHnv7eBOXcRgMeCP6+uyYsczwmeRCauvpvaAltgNyTbLH/+VaEAPUeWBT+1GuNmz4wC/6jtQzbbVA==",
      "engines": {
        "node": ">=12"
      }
    },
    "node_modules/number-generator": {
      "version": "4.0.6",
      "resolved": "https://registry.npmjs.org/number-generator/-/number-generator-4.0.6.tgz",
      "integrity": "sha512-ukd0L4kx6SshvxMJzQLmEMiztQ5JswpdHfIUirhj4Peno4zQOXSg1l38ZrmL/PvTZgsKAUwlwK7ix0/WZ54cLg==",
      "engines": {
        "node": ">=12"
      }
    },
    "node_modules/random": {
      "version": "4.1.0",
      "resolved": "https://registry.npmjs.org/random/-/random-4.1.0.tgz",
      "integrity": "sha512-6Ajb7XmMSE9EFAMGC3kg9mvE7fGlBip25mYYuSMzw/uUSrmGilvZo2qwX3RnTRjwXkwkS+4swse9otZ92VjAtQ==",
      "dependencies": {
        "seedrandom": "^3.0.5"
      },
      "engines": {
        "node": ">=14"
      }
    },
    "node_modules/seedrandom": {
      "version": "3.0.5",
      "resolved": "https://registry.npmjs.org/seedrandom/-/seedrandom-3.0.5.tgz",
      "integrity": "sha512-8OwmbklUNzwezjGInmZ+2clQmExQPvomqjL7LFqOYqtmuxRgQYqOD3mHaU+MvZn5FLUeVxVfQjwLZW/n/JFuqg=="
    },
    "node_modules/stream-transform": {
      "version": "3.2.10",
      "resolved": "https://registry.npmjs.org/stream-transform/-/stream-transform-3.2.10.tgz",
      "integrity": "sha512-Yu+x7zcWbWdyB0Td8dFzHt2JEyD6694CNq2lqh1rbuEBVxPtjb/GZ7xDnZcdYiU5E/RtufM54ClSEOzZDeWguA=="
    }
  },
  "dependencies": {
    "@json2csv/formatters": {
      "version": "7.0.3",
      "resolved": "https://registry.npmjs.org/@json2csv/formatters/-/formatters-7.0.3.tgz",
      "integrity": "sha512-QLTpBNmNxGDAQNALkWwPdnyJ7IdXHQ0Motzog4fZOKK2ozpxckl6vwhWNBxbQs/25Zhp7bLS4J6ILu/hh0en6w=="
    },
    "@json2csv/plainjs": {
      "version": "7.0.3",
      "resolved": "https://registry.npmjs.org/@json2csv/plainjs/-/plainjs-7.0.3.tgz",
      "integrity": "sha512-AEpEdeSu8o64Sdf7Xoy7BM4MyfZToN7oxxleXJ6u7v3h0V0hKdNIw7i4kQ08wiIe7lcJBhS3JRyEPKX6k2AsjA==",
      "requires": {
        "@json2csv/formatters": "^7.0.3",
        "@streamparser/json": "^0.0.17",
        "lodash.get": "^4.4.2"
      }
    },
    "@streamparser/json": {
      "version": "0.0.17",
      "resolved": "https://registry.npmjs.org/@streamparser/json/-/json-0.0.17.tgz",
      "integrity": "sha512-mW54K6CTVJVLwXRB6kSS1xGWPmtTuXAStWnlvtesmcySgtop+eFPWOywBFPpJO4UD173epYsPSP6HSW8kuqN8w=="
    },
    "csv": {
      "version": "6.3.5",
      "resolved": "https://registry.npmjs.org/csv/-/csv-6.3.5.tgz",
      "integrity": "sha512-Y+KTCAUljtq2JaGP42ZL1bymqlU5BkfnFpZhxRczGFDZox2VXhlRHnG5DRshyUrwQzmCdEiLjSqNldCfm1OVCA==",
      "requires": {
        "csv-generate": "^4.3.0",
        "csv-parse": "^5.5.2",
        "csv-stringify": "^6.4.4",
        "stream-transform": "^3.2.10"
      }
    },
    "csv-generate": {
      "version": "4.3.0",
      "resolved": "https://registry.npmjs.org/csv-generate/-/csv-generate-4.3.0.tgz",
      "integrity": "sha512-7KdVId/2RgwPIKfWHaHtjBq7I9mgdi8ICzsUyIhP8is6UwpwVGGSC/aPnrZ8/SkgBcCP20lXrdPuP64Irs1VBg=="
    },
    "csv-parse": {
      "version": "5.5.2",
      "resolved": "https://registry.npmjs.org/csv-parse/-/csv-parse-5.5.2.tgz",
      "integrity": "sha512-YRVtvdtUNXZCMyK5zd5Wty1W6dNTpGKdqQd4EQ8tl/c6KW1aMBB1Kg1ppky5FONKmEqGJ/8WjLlTNLPne4ioVA=="
    },
    "csv-stringify": {
      "version": "6.4.4",
      "resolved": "https://registry.npmjs.org/csv-stringify/-/csv-stringify-6.4.4.tgz",
      "integrity": "sha512-NDshLupGa7gp4UG4sSNIqwYJqgSwvds0SvENntxoVoVvTzXcrHvd5gG2MWpbRpSNvk59dlmIe1IwNvSxN4IVmg=="
    },
    "deeks": {
      "version": "3.0.2",
      "resolved": "https://registry.npmjs.org/deeks/-/deeks-3.0.2.tgz",
      "integrity": "sha512-c6OmjIygIB/avwXwEQOiODS+nw6fEX4cvOdDMqdL7dt3dicV/xykAJ9AeVc/8/JTVQDuacjRc9KCMmXafL1Y4A=="
    },
    "doc-path": {
      "version": "4.0.2",
      "resolved": "https://registry.npmjs.org/doc-path/-/doc-path-4.0.2.tgz",
      "integrity": "sha512-OqZEk7EM1aP3JpO+mq0pv1msEJWrzZVXu4q3YjEYJKc+Wt3/chac4KJdaGueK5IGemOwfptrLctG9I8xkb59qQ=="
    },
    "json-2-csv": {
      "version": "5.0.1",
      "resolved": "https://registry.npmjs.org/json-2-csv/-/json-2-csv-5.0.1.tgz",
      "integrity": "sha512-rP9ChyMskS0angbvFdQ43SwEe72mEvqcY1/V2OeukQWxtlreUuZWhMlTdWjtd4L6kJxq+HPFTI06yqLvZiEVIA==",
      "requires": {
        "deeks": "3.0.2",
        "doc-path": "4.0.2"
      }
    },
    "kuuid": {
      "version": "1.0.1",
      "resolved": "https://registry.npmjs.org/kuuid/-/kuuid-1.0.1.tgz",
      "integrity": "sha512-oEvuIKT7hbkCmwriKOCxdN2BIzTc44G1Li9+KKSMEJnSNmROBvkIVXV/aKy0o9nVA01i4/ZnnZd+l01mGfzLUw=="
    },
    "lodash.get": {
      "version": "4.4.2",
      "resolved": "https://registry.npmjs.org/lodash.get/-/lodash.get-4.4.2.tgz",
      "integrity": "sha512-z+Uw/vLuy6gQe8cfaFWD7p0wVv8fJl3mbzXh33RS+0oW2wvUqiRXiQ69gLWSLpgB5/6sU+r6BlQR0MBILadqTQ=="
    },
    "luxon": {
      "version": "3.4.4",
      "resolved": "https://registry.npmjs.org/luxon/-/luxon-3.4.4.tgz",
      "integrity": "sha512-zobTr7akeGHnv7eBOXcRgMeCP6+uyYsczwmeRCauvpvaAltgNyTbLH/+VaEAPUeWBT+1GuNmz4wC/6jtQzbbVA=="
    },
    "number-generator": {
      "version": "4.0.6",
      "resolved": "https://registry.npmjs.org/number-generator/-/number-generator-4.0.6.tgz",
      "integrity": "sha512-ukd0L4kx6SshvxMJzQLmEMiztQ5JswpdHfIUirhj4Peno4zQOXSg1l38ZrmL/PvTZgsKAUwlwK7ix0/WZ54cLg=="
    },
    "random": {
      "version": "4.1.0",
      "resolved": "https://registry.npmjs.org/random/-/random-4.1.0.tgz",
      "integrity": "sha512-6Ajb7XmMSE9EFAMGC3kg9mvE7fGlBip25mYYuSMzw/uUSrmGilvZo2qwX3RnTRjwXkwkS+4swse9otZ92VjAtQ==",
      "requires": {
        "seedrandom": "^3.0.5"
      }
    },
    "seedrandom": {
      "version": "3.0.5",
      "resolved": "https://registry.npmjs.org/seedrandom/-/seedrandom-3.0.5.tgz",
      "integrity": "sha512-8OwmbklUNzwezjGInmZ+2clQmExQPvomqjL7LFqOYqtmuxRgQYqOD3mHaU+MvZn5FLUeVxVfQjwLZW/n/JFuqg=="
    },
    "stream-transform": {
      "version": "3.2.10",
      "resolved": "https://registry.npmjs.org/stream-transform/-/stream-transform-3.2.10.tgz",
      "integrity": "sha512-Yu+x7zcWbWdyB0Td8dFzHt2JEyD6694CNq2lqh1rbuEBVxPtjb/GZ7xDnZcdYiU5E/RtufM54ClSEOzZDeWguA=="
    }
  }
}
